# This file was autogenerated by Stack.
# You should not edit this file by hand.
# For more information, please see the documentation at:
#   https://docs.haskellstack.org/en/stable/lock_files

packages:
- completed:
    hackage: incremental-sat-solver-0.1.8@sha256:9791328827d84cd7cd0428eac8d6155b2b0cea5a5e7f9cff17f304b93531ad8f,1164
    pantry-tree:
      size: 333
      sha256: c26af3360c1fca516f2185517c7b4532435c034ec182de5ad0c27668f388a8c8
  original:
    hackage: incremental-sat-solver-0.1.8@sha256:9791328827d84cd7cd0428eac8d6155b2b0cea5a5e7f9cff17f304b93531ad8f,1164
snapshots:
- completed:
    size: 567672
    url: https://raw.githubusercontent.com/commercialhaskell/stackage-snapshots/master/lts/17/11.yaml
    sha256: 03181cdbeb671eb605bbcf6f285bea4d094b6ac7433a0e14a9f1dd54ad995938
  original:
    url: https://raw.githubusercontent.com/commercialhaskell/stackage-snapshots/master/lts/17/11.yaml
